{
  "name": "themer-preview-swatch",
  "version": "1.0.4",
  "lockfileVersion": 1,
  "requires": true,
  "dependencies": {
    "themer-colors-default": {
      "version": "1.0.4",
      "resolved": "https://registry.npmjs.org/themer-colors-default/-/themer-colors-default-1.0.4.tgz",
      "integrity": "sha512-pKQVyyVSJxW84RyJxhTnO2Y/SVOVa+Qklc7kCxTYTIpmZpr790n0pnQTWAXrQ3lEV0eXyJnf/6k5f4w9gSzzeQ==",
      "dev": true
    }
  }
}
