{
  "name": "themer-vim-lightline",
  "version": "2.0.7",
  "lockfileVersion": 1,
  "requires": true,
  "dependencies": {
    "themer-colors-default": {
      "version": "1.0.6",
      "resolved": "https://registry.npmjs.org/themer-colors-default/-/themer-colors-default-1.0.6.tgz",
      "integrity": "sha512-D3wifVsO3pUvkmhItOL7vFaeELzMbU2VS75xCKl+FlQooJIE8XrJv5yeARqTvttqVe7Ighs2m2za9iSq7tTDzw==",
      "dev": true
    }
  }
}
