{
  "name": "themer-atom-ui",
  "version": "1.0.0",
  "lockfileVersion": 1,
  "requires": true,
  "dependencies": {
    "@std/esm": {
      "version": "0.11.2",
      "resolved": "https://registry.npmjs.org/@std/esm/-/esm-0.11.2.tgz",
      "integrity": "sha512-l1z84sEcY7uMqCffg/DmsWpASMDkZrkE7niT+IlnKTcLnL3WGJYSDJRMb/6Tpclu0K45AXa887ElJ+CybyYe3g=="
    }
  }
}
