{
  "name": "themer-sketch-palettes",
  "version": "1.0.1",
  "lockfileVersion": 1,
  "requires": true,
  "dependencies": {
    "onecolor": {
      "version": "3.0.5",
      "resolved": "https://registry.npmjs.org/onecolor/-/onecolor-3.0.5.tgz",
      "integrity": "sha1-Nu/zIgE3nv3xGA+0ReUajiQl+fY="
    }
  }
}
