{
  "name": "themer-vscode",
  "version": "2.0.0",
  "lockfileVersion": 1,
  "requires": true,
  "dependencies": {
    "themer-colors-default": {
      "version": "1.0.2",
      "resolved": "https://registry.npmjs.org/themer-colors-default/-/themer-colors-default-1.0.2.tgz",
      "integrity": "sha512-h9hzm7YoHm/EThIjCKqH5mPS2j7xSnozT9jxLbglEqgewHHUf93PkIJhC+k+HZtJZ2zLkr55TGHY9LzjqkcuWw==",
      "dev": true
    }
  }
}
