{
  "name": "themer-alfred",
  "version": "1.0.7",
  "lockfileVersion": 1,
  "requires": true,
  "dependencies": {
    "themer-colors-default": {
      "version": "1.0.3",
      "resolved": "https://registry.npmjs.org/themer-colors-default/-/themer-colors-default-1.0.3.tgz",
      "integrity": "sha512-FaGhJAa+sRB3l4Oc8dgVQ5CPSrQxMJAxtYh/cmR1h5D48lUwkmC3XIMN13uXRATcs5h6Uo7smBmoxwa/xcLVgA==",
      "dev": true
    }
  }
}
