{
  "name": "themer-slack",
  "version": "1.0.6",
  "lockfileVersion": 1,
  "requires": true,
  "dependencies": {
    "themer-colors-default": {
      "version": "1.0.1",
      "resolved": "https://registry.npmjs.org/themer-colors-default/-/themer-colors-default-1.0.1.tgz",
      "integrity": "sha1-MkndyddakIxjoERGV/vk0zOtC2A=",
      "dev": true
    }
  }
}
