{
  "name": "themer-cmd",
  "version": "1.0.3",
  "lockfileVersion": 1,
  "requires": true,
  "dependencies": {
    "lodash": {
      "version": "4.17.4",
      "resolved": "https://registry.npmjs.org/lodash/-/lodash-4.17.4.tgz",
      "integrity": "sha1-eCA6TRwyiuHYbcpkYONptX9AVa4="
    },
    "themer-colors-default": {
      "version": "1.0.5",
      "resolved": "https://registry.npmjs.org/themer-colors-default/-/themer-colors-default-1.0.5.tgz",
      "integrity": "sha512-hmZsBP8x0o9/6krF+5li3kKTWpjbNHjENIIOkjxtbCXpL4+sixICRqAMc1PXO9Rrw9KBq2HsEw1/+Y8g3X/ElA==",
      "dev": true
    }
  }
}
