# THIS IS AN AUTOGENERATED FILE. DO NOT EDIT THIS FILE DIRECTLY.
# yarn lockfile v1


"@types/node@>=8.1.0":
  version "14.0.5"
  resolved "https://registry.yarnpkg.com/@types/node/-/node-14.0.5.tgz#3d03acd3b3414cf67faf999aed11682ed121f22b"
  integrity sha512-90hiq6/VqtQgX8Sp0EzeIsv3r+ellbGj4URKj5j30tLlZvRUpnAe9YbYnjl3pJM93GyXU0tghHhvXHq+5rnCKA==

commander@^4.0.0:
  version "4.1.1"
  resolved "https://registry.yarnpkg.com/commander/-/commander-4.1.1.tgz#9fd602bd936294e9e9ef46a3f4d6964044b18068"
  integrity sha512-NOKm8xhkzAjzFx8B2v5OAHT+u5pRQc2UCa2Vq9jYL/31o2wi9mxBA7LIFs3sV5VSC49z6pEhfbMULvShKj26WA==

cross-spawn@^7.0.0:
  version "7.0.2"
  resolved "https://registry.yarnpkg.com/cross-spawn/-/cross-spawn-7.0.2.tgz#d0d7dcfa74e89115c7619f4f721a94e1fdb716d6"
  integrity sha512-PD6G8QG3S4FK/XCGFbEQrDqO2AnMMsy0meR7lerlIOHAAbkuavGU/pOqprrlvfTNjvowivTeBsjebAL0NSoMxw==
  dependencies:
    path-key "^3.1.0"
    shebang-command "^2.0.0"
    which "^2.0.1"

env-cmd@^10.1.0:
  version "10.1.0"
  resolved "https://registry.yarnpkg.com/env-cmd/-/env-cmd-10.1.0.tgz#c7f5d3b550c9519f137fdac4dd8fb6866a8c8c4b"
  integrity sha512-mMdWTT9XKN7yNth/6N6g2GuKuJTsKMDHlQFUDacb/heQRRWOTIZ42t1rMHnQu4jYxU1ajdTeJM+9eEETlqToMA==
  dependencies:
    commander "^4.0.0"
    cross-spawn "^7.0.0"

isexe@^2.0.0:
  version "2.0.0"
  resolved "https://registry.yarnpkg.com/isexe/-/isexe-2.0.0.tgz#e8fbf374dc556ff8947a10dcb0572d633f2cfa10"
  integrity sha1-6PvzdNxVb/iUehDcsFctYz8s+hA=

path-key@^3.1.0:
  version "3.1.1"
  resolved "https://registry.yarnpkg.com/path-key/-/path-key-3.1.1.tgz#581f6ade658cbba65a0d3380de7753295054f375"
  integrity sha512-ojmeN0qd+y0jszEtoY48r0Peq5dwMEkIlCOu6Q5f41lfkswXuKtYrhgoTpLnyIcHm24Uhqx+5Tqm2InSwLhE6Q==

qs@^6.6.0:
  version "6.9.4"
  resolved "https://registry.yarnpkg.com/qs/-/qs-6.9.4.tgz#9090b290d1f91728d3c22e54843ca44aea5ab687"
  integrity sha512-A1kFqHekCTM7cz0udomYUoYNWjBebHm/5wzU/XqrBRBNWectVH0QIiN+NEcZ0Dte5hvzHwbr8+XQmguPhJ6WdQ==

shebang-command@^2.0.0:
  version "2.0.0"
  resolved "https://registry.yarnpkg.com/shebang-command/-/shebang-command-2.0.0.tgz#ccd0af4f8835fbdc265b82461aaf0c36663f34ea"
  integrity sha512-kHxr2zZpYtdmrN1qDjrrX/Z1rR1kG8Dx+gkpK1G4eXmvXswmcE1hTWBWYUzlraYw1/yZp6YuDY77YtvbN0dmDA==
  dependencies:
    shebang-regex "^3.0.0"

shebang-regex@^3.0.0:
  version "3.0.0"
  resolved "https://registry.yarnpkg.com/shebang-regex/-/shebang-regex-3.0.0.tgz#ae16f1644d873ecad843b0307b143362d4c42172"
  integrity sha512-7++dFhtcx3353uBaq8DDR4NuxBetBzC7ZQOhmTQInHEd6bSrXdiEyzCvG07Z44UYdLShWUyXt5M/yhz8ekcb1A==

stripe@^8.54.0:
  version "8.54.0"
  resolved "https://registry.yarnpkg.com/stripe/-/stripe-8.54.0.tgz#0807d2479e8dc3453b659c789e9f04e004aa5541"
  integrity sha512-BNY4AgaWsXysjKmSQKjV0D5Y280RZHQtGhgY4ZJMOWLSabOLWx0yyfc1d2FgIPSQfFI98pY8bcNGrfkM06nPRA==
  dependencies:
    "@types/node" ">=8.1.0"
    qs "^6.6.0"

which@^2.0.1:
  version "2.0.2"
  resolved "https://registry.yarnpkg.com/which/-/which-2.0.2.tgz#7c6a8dd0a636a0327e10b59c9286eee93f3f51b1"
  integrity sha512-BLI3Tl1TW3Pvl70l3yq3Y64i+awpwXqsGBYWkkqMtnbXgrMD+yj7rhW0kuEDxzJaYXGjEW5ogapKNMEKNMjibA==
  dependencies:
    isexe "^2.0.0"
